
Microsoft Visual Studio Solution File, Format Version 12.00
# Visual Studio 2013
VisualStudioVersion = 12.0.21005.1
MinimumVisualStudioVersion = 10.0.40219.1
Project("{FAE04EC0-301F-11D3-BF4B-00C04F79EFBC}") = "NyilvForms", "NyilvForms\NyilvForms.csproj", "{E2E808BC-B968-4F3A-B466-610F06D93B90}"
EndProject
Project("{FAE04EC0-301F-11D3-BF4B-00C04F79EFBC}") = "NyilvWebApi", "NyilvWebApi\NyilvWebApi.csproj", "{69685A7B-5D2F-4758-A542-F33CCA502D60}"
EndProject
Project("{FAE04EC0-301F-11D3-BF4B-00C04F79EFBC}") = "NyilvLib", "NyilvLib\NyilvLib.csproj", "{96B270C0-D41A-447E-8168-F292B957B51F}"
EndProject
Global
	GlobalSection(SolutionConfigurationPlatforms) = preSolution
		Debug|Any CPU = Debug|Any CPU
		Release|Any CPU = Release|Any CPU
	EndGlobalSection
	GlobalSection(ProjectConfigurationPlatforms) = postSolution
		{E2E808BC-B968-4F3A-B466-610F06D93B90}.Debug|Any CPU.ActiveCfg = Debug|Any CPU
		{E2E808BC-B968-4F3A-B466-610F06D93B90}.Debug|Any CPU.Build.0 = Debug|Any CPU
		{E2E808BC-B968-4F3A-B466-610F06D93B90}.Release|Any CPU.ActiveCfg = Release|Any CPU
		{E2E808BC-B968-4F3A-B466-610F06D93B90}.Release|Any CPU.Build.0 = Release|Any CPU
		{69685A7B-5D2F-4758-A542-F33CCA502D60}.Debug|Any CPU.ActiveCfg = Debug|Any CPU
		{69685A7B-5D2F-4758-A542-F33CCA502D60}.Debug|Any CPU.Build.0 = Debug|Any CPU
		{69685A7B-5D2F-4758-A542-F33CCA502D60}.Release|Any CPU.ActiveCfg = Release|Any CPU
		{69685A7B-5D2F-4758-A542-F33CCA502D60}.Release|Any CPU.Build.0 = Release|Any CPU
		{96B270C0-D41A-447E-8168-F292B957B51F}.Debug|Any CPU.ActiveCfg = Debug|Any CPU
		{96B270C0-D41A-447E-8168-F292B957B51F}.Debug|Any CPU.Build.0 = Debug|Any CPU
		{96B270C0-D41A-447E-8168-F292B957B51F}.Release|Any CPU.ActiveCfg = Release|Any CPU
		{96B270C0-D41A-447E-8168-F292B957B51F}.Release|Any CPU.Build.0 = Release|Any CPU
	EndGlobalSection
	GlobalSection(SolutionProperties) = preSolution
		HideSolutionNode = FALSE
	EndGlobalSection
EndGlobal
